{
  "name": "get-audio-sample-promise",
  "version": "1.0.1",
  "lockfileVersion": 1,
  "requires": true,
  "dependencies": {
    "audio-buffer-instrument": {
      "version": "3.0.0",
      "resolved": "https://registry.npmjs.org/audio-buffer-instrument/-/audio-buffer-instrument-3.0.0.tgz",
      "integrity": "sha512-xMD7cJroRqe805ssHqQGziSqyVxTDr7Ky4SZT/RIKsn3kKqtZmTnidrwxl07n3Y4Q/GXleUafaUDs0+Ud1ST+Q==",
      "requires": {
        "tiny-sample-loader": "2.0.0"
      },
      "dependencies": {
        "tiny-sample-loader": {
          "version": "2.0.0",
          "resolved": "https://registry.npmjs.org/tiny-sample-loader/-/tiny-sample-loader-2.0.0.tgz",
          "integrity": "sha512-AVhTzEZlxKfWnpgMoifBWIis7k9dKHdOjOnsj1ElJSQoSOJYO+4YUWhMKBNWaIsk2N1aO+puyc4CFUEg5vsPOg=="
        }
      }
    },
    "tiny-sample-loader": {
      "version": "3.0.0",
      "resolved": "https://registry.npmjs.org/tiny-sample-loader/-/tiny-sample-loader-3.0.0.tgz",
      "integrity": "sha512-QXZ13f9RvXvunmXAX6XyQmIDphP9x5RlZjr9FfdVjptjHbFtB4LBihLXqxQR1qBUG06oyJ7gmvPEoDPTTU7mjg=="
    }
  }
}
